// !$*UTF8*$!
{
	archiveVersion = 1;
	classes = {
	};
	objectVersion = 55;
	objects = {

/* Begin PBXBuildFile section */
		761825072AB435D70018073E /* Categories.swift in Sources */ = {isa = PBXBuildFile; fileRef = 761825062AB435D70018073E /* Categories.swift */; };
		767DCDA82B68D7160005D0E8 /* MessageCell.swift in Sources */ = {isa = PBXBuildFile; fileRef = 767DCDA72B68D7160005D0E8 /* MessageCell.swift */; };
		767DCDAA2B68D72B0005D0E8 /* MessageCell2.swift in Sources */ = {isa = PBXBuildFile; fileRef = 767DCDA92B68D72B0005D0E8 /* MessageCell2.swift */; };
		767DCDAC2B68D7410005D0E8 /* ImageCellTV.swift in Sources */ = {isa = PBXBuildFile; fileRef = 767DCDAB2B68D7410005D0E8 /* ImageCellTV.swift */; };
		767DCDAE2B68D9A90005D0E8 /* MessageModel.swift in Sources */ = {isa = PBXBuildFile; fileRef = 767DCDAD2B68D9A90005D0E8 /* MessageModel.swift */; };
		767DCDB02B68DACD0005D0E8 /* TypingBubbleView.swift in Sources */ = {isa = PBXBuildFile; fileRef = 767DCDAF2B68DACD0005D0E8 /* TypingBubbleView.swift */; };
		767DCDB32B68DC0B0005D0E8 /* GSImageViewerController in Frameworks */ = {isa = PBXBuildFile; productRef = 767DCDB22B68DC0B0005D0E8 /* GSImageViewerController */; };
		767DCDB62B68DC860005D0E8 /* IQKeyboardManagerSwift in Frameworks */ = {isa = PBXBuildFile; productRef = 767DCDB52B68DC860005D0E8 /* IQKeyboardManagerSwift */; };
		767EB86D2B68CC4800425758 /* SocketIOManager.swift in Sources */ = {isa = PBXBuildFile; fileRef = 767EB86C2B68CC4800425758 /* SocketIOManager.swift */; };
		767EB86F2B68CC7400425758 /* DecryptionHandler.swift in Sources */ = {isa = PBXBuildFile; fileRef = 767EB86E2B68CC7400425758 /* DecryptionHandler.swift */; };
		767EB8732B68CD2300425758 /* ChatViewController.swift in Sources */ = {isa = PBXBuildFile; fileRef = 767EB8722B68CD2300425758 /* ChatViewController.swift */; };
		7686A3C02ACC4DAD0083F7DC /* MessageCellUser.swift in Sources */ = {isa = PBXBuildFile; fileRef = 7686A3BF2ACC4DAD0083F7DC /* MessageCellUser.swift */; };
		769569B52AC5900300A99725 /* SocketIO in Frameworks */ = {isa = PBXBuildFile; productRef = 769569B42AC5900300A99725 /* SocketIO */; };
		769841CE2ACAC3DE0061046D /* Inbox Model.swift in Sources */ = {isa = PBXBuildFile; fileRef = 769841CD2ACAC3DE0061046D /* Inbox Model.swift */; };
		769841D02ACB03E60061046D /* MassageModel.swift in Sources */ = {isa = PBXBuildFile; fileRef = 769841CF2ACB03E60061046D /* MassageModel.swift */; };
		76D5C5EE2AB069DA00C6E4DC /* Kingfisher in Frameworks */ = {isa = PBXBuildFile; productRef = 76D5C5ED2AB069DA00C6E4DC /* Kingfisher */; };
		76D5C5F52AB06B8500C6E4DC /* Constant.swift in Sources */ = {isa = PBXBuildFile; fileRef = 76D5C5F42AB06B8500C6E4DC /* Constant.swift */; };
		76D5C5F72AB06BA500C6E4DC /* APIManger.swift in Sources */ = {isa = PBXBuildFile; fileRef = 76D5C5F62AB06BA500C6E4DC /* APIManger.swift */; };
		76D5C5F92AB0720C00C6E4DC /* UserInfo.swift in Sources */ = {isa = PBXBuildFile; fileRef = 76D5C5F82AB0720C00C6E4DC /* UserInfo.swift */; };
		76FA7D2B2B6A511A00D4EB4D /* nagtiveCV.swift in Sources */ = {isa = PBXBuildFile; fileRef = 76FA7D2A2B6A511A00D4EB4D /* nagtiveCV.swift */; };
		E003374F2AD916A4001E55A6 /* FollowersModel.swift in Sources */ = {isa = PBXBuildFile; fileRef = E003374E2AD916A4001E55A6 /* FollowersModel.swift */; };
		E00337512AD948B5001E55A6 /* FollowingModel.swift in Sources */ = {isa = PBXBuildFile; fileRef = E00337502AD948B5001E55A6 /* FollowingModel.swift */; };
		E00B8BD12AA99F23001422CE /* SignUpVC.swift in Sources */ = {isa = PBXBuildFile; fileRef = E00B8BD02AA99F23001422CE /* SignUpVC.swift */; };
		E00B8BD32AA9D9DD001422CE /* SignUpAgeTableViewCell.swift in Sources */ = {isa = PBXBuildFile; fileRef = E00B8BD22AA9D9DD001422CE /* SignUpAgeTableViewCell.swift */; };
		E00B8BD52AA9FA37001422CE /* KeyBoardDismiss.swift in Sources */ = {isa = PBXBuildFile; fileRef = E00B8BD42AA9FA37001422CE /* KeyBoardDismiss.swift */; };
		E08986B32AC568DD005A102D /* Main.storyboard in Resources */ = {isa = PBXBuildFile; fileRef = E08986B12AC568DD005A102D /* Main.storyboard */; };
		E0A0E21E2AF2305D0090B6C0 /* Validation.swift in Sources */ = {isa = PBXBuildFile; fileRef = E0A0E21D2AF2305D0090B6C0 /* Validation.swift */; };
		E0A96F212B050018008E8360 /* RootViewController.swift in Sources */ = {isa = PBXBuildFile; fileRef = E0A96F202B050018008E8360 /* RootViewController.swift */; };
		E0AA26CB2A864361002CDACA /* HomeVC.swift in Sources */ = {isa = PBXBuildFile; fileRef = E0AA26CA2A864361002CDACA /* HomeVC.swift */; };
		E0AA26CD2A8649F6002CDACA /* HomeTableViewCell.swift in Sources */ = {isa = PBXBuildFile; fileRef = E0AA26CC2A8649F6002CDACA /* HomeTableViewCell.swift */; };
		E0AB64602A9F0CB200F4F299 /* GoogleMaps in Frameworks */ = {isa = PBXBuildFile; productRef = E0AB645F2A9F0CB200F4F299 /* GoogleMaps */; };
		E0AB64622A9F0CB200F4F299 /* GoogleMapsBase in Frameworks */ = {isa = PBXBuildFile; productRef = E0AB64612A9F0CB200F4F299 /* GoogleMapsBase */; };
		E0AB64642A9F0CB200F4F299 /* GoogleMapsCore in Frameworks */ = {isa = PBXBuildFile; productRef = E0AB64632A9F0CB200F4F299 /* GoogleMapsCore */; };
		E0AB64662A9F0CB200F4F299 /* GoogleMapsM4B in Frameworks */ = {isa = PBXBuildFile; productRef = E0AB64652A9F0CB200F4F299 /* GoogleMapsM4B */; };
		E0AB64682A9F0CB200F4F299 /* GooglePlaces in Frameworks */ = {isa = PBXBuildFile; productRef = E0AB64672A9F0CB200F4F299 /* GooglePlaces */; };
		E0AD05882ADFF5C000DC1D2F /* MapActivities.swift in Sources */ = {isa = PBXBuildFile; fileRef = E0AD05872ADFF5C000DC1D2F /* MapActivities.swift */; };
		E0AD40712A8CF150007576C3 /* ProfileVC.swift in Sources */ = {isa = PBXBuildFile; fileRef = E0AD40702A8CF150007576C3 /* ProfileVC.swift */; };
		E0AE75722AD7D25500BE7DAC /* ProfileActivityCell.swift in Sources */ = {isa = PBXBuildFile; fileRef = E0AE75712AD7D25500BE7DAC /* ProfileActivityCell.swift */; };
		E0AE75752AD7D84C00BE7DAC /* ProfileFollowerCell.swift in Sources */ = {isa = PBXBuildFile; fileRef = E0AE75742AD7D84C00BE7DAC /* ProfileFollowerCell.swift */; };
		E0AE75772AD7F38200BE7DAC /* ProfileFollowingCell.swift in Sources */ = {isa = PBXBuildFile; fileRef = E0AE75762AD7F38200BE7DAC /* ProfileFollowingCell.swift */; };
		E0AFE26F2ACED46400E00A97 /* MessageCellSender.swift in Sources */ = {isa = PBXBuildFile; fileRef = E0AFE26E2ACED46400E00A97 /* MessageCellSender.swift */; };
		E0B381362AB8370B00015401 /* UpdateSignUpVC.swift in Sources */ = {isa = PBXBuildFile; fileRef = E0B381352AB8370B00015401 /* UpdateSignUpVC.swift */; };
		E0B664CE2A84FEEA00537CAE /* AppDelegate.swift in Sources */ = {isa = PBXBuildFile; fileRef = E0B664CD2A84FEEA00537CAE /* AppDelegate.swift */; };
		E0B664D02A84FEEA00537CAE /* SceneDelegate.swift in Sources */ = {isa = PBXBuildFile; fileRef = E0B664CF2A84FEEA00537CAE /* SceneDelegate.swift */; };
		E0B664D72A84FEEB00537CAE /* Assets.xcassets in Resources */ = {isa = PBXBuildFile; fileRef = E0B664D62A84FEEB00537CAE /* Assets.xcassets */; };
		E0B664DA2A84FEEB00537CAE /* LaunchScreen.storyboard in Resources */ = {isa = PBXBuildFile; fileRef = E0B664D82A84FEEB00537CAE /* LaunchScreen.storyboard */; };
		E0B664E82A85001000537CAE /* LoginVC.swift in Sources */ = {isa = PBXBuildFile; fileRef = E0B664E72A85001000537CAE /* LoginVC.swift */; };
		E0B664EA2A85009200537CAE /* GradientColour.swift in Sources */ = {isa = PBXBuildFile; fileRef = E0B664E92A85009200537CAE /* GradientColour.swift */; };
		E0B664EC2A8500B500537CAE /* CornerRadius.swift in Sources */ = {isa = PBXBuildFile; fileRef = E0B664EB2A8500B500537CAE /* CornerRadius.swift */; };
		E0B8CB7B2AB2DCB200846951 /* ChatVC.swift in Sources */ = {isa = PBXBuildFile; fileRef = E0B8CB7A2AB2DCB200846951 /* ChatVC.swift */; };
		E0B9593A2AE259E10030A930 /* RejectedTableViewCell.swift in Sources */ = {isa = PBXBuildFile; fileRef = E0B959392AE259E10030A930 /* RejectedTableViewCell.swift */; };
		E0BFDFE22ACD37D1006D594D /* ConnectModel.swift in Sources */ = {isa = PBXBuildFile; fileRef = E0BFDFE12ACD37D1006D594D /* ConnectModel.swift */; };
		E0BFDFE62ACD7697006D594D /* KingFisher Image.swift in Sources */ = {isa = PBXBuildFile; fileRef = E0BFDFE52ACD7697006D594D /* KingFisher Image.swift */; };
		E0C05ED72B0494A80097F489 /* FacebookCore in Frameworks */ = {isa = PBXBuildFile; productRef = E0C05ED62B0494A80097F489 /* FacebookCore */; };
		E0C05ED92B0494A80097F489 /* FacebookLogin in Frameworks */ = {isa = PBXBuildFile; productRef = E0C05ED82B0494A80097F489 /* FacebookLogin */; };
		E0C33ADB2AAB2D65007E719A /* ConnectVC.swift in Sources */ = {isa = PBXBuildFile; fileRef = E0C33ADA2AAB2D65007E719A /* ConnectVC.swift */; };
		E0C33ADD2AAB3795007E719A /* ConnectTableViewCell.swift in Sources */ = {isa = PBXBuildFile; fileRef = E0C33ADC2AAB3795007E719A /* ConnectTableViewCell.swift */; };
		E0C365692AB1BA2700B7E6FB /* MessagesVC.swift in Sources */ = {isa = PBXBuildFile; fileRef = E0C365682AB1BA2700B7E6FB /* MessagesVC.swift */; };
		E0C3656B2AB1BA4300B7E6FB /* MessagesTableViewCell.swift in Sources */ = {isa = PBXBuildFile; fileRef = E0C3656A2AB1BA4300B7E6FB /* MessagesTableViewCell.swift */; };
		E0CAC4DE2AFB6A5200D9A876 /* GoogleSignIn in Frameworks */ = {isa = PBXBuildFile; productRef = E0CAC4DD2AFB6A5200D9A876 /* GoogleSignIn */; };
		E0CAC4E12AFB702500D9A876 /* GoogleSignIn in Frameworks */ = {isa = PBXBuildFile; productRef = E0CAC4E02AFB702500D9A876 /* GoogleSignIn */; };
		E0CAC4E32AFB702500D9A876 /* GoogleSignInSwift in Frameworks */ = {isa = PBXBuildFile; productRef = E0CAC4E22AFB702500D9A876 /* GoogleSignInSwift */; };
		E0CACB602ACFDD3F00B62057 /* UserActivityModel.swift in Sources */ = {isa = PBXBuildFile; fileRef = E0CACB5F2ACFDD3F00B62057 /* UserActivityModel.swift */; };
		E0CE876A2AE7949E00311914 /* ActivtyRequests.swift in Sources */ = {isa = PBXBuildFile; fileRef = E0CE87692AE7949E00311914 /* ActivtyRequests.swift */; };
		E0D10A902AE13F9A00BA188E /* AcceptedTableViewCell.swift in Sources */ = {isa = PBXBuildFile; fileRef = E0D10A8F2AE13F9A00BA188E /* AcceptedTableViewCell.swift */; };
		E0DAA1882A8CD069001F72EF /* DetailViewController.swift in Sources */ = {isa = PBXBuildFile; fileRef = E0DAA1872A8CD069001F72EF /* DetailViewController.swift */; };
		E0DD3C6B2AAEE24800D8A205 /* ActivityVC.swift in Sources */ = {isa = PBXBuildFile; fileRef = E0DD3C6A2AAEE24800D8A205 /* ActivityVC.swift */; };
		E0DD3C6D2AAEF15400D8A205 /* ActivityPendingCell.swift in Sources */ = {isa = PBXBuildFile; fileRef = E0DD3C6C2AAEF15400D8A205 /* ActivityPendingCell.swift */; };
		E0DD3C6F2AAEFF5600D8A205 /* RequestTableViewCell.swift in Sources */ = {isa = PBXBuildFile; fileRef = E0DD3C6E2AAEFF5600D8A205 /* RequestTableViewCell.swift */; };
		E0DD3C712AAEFF7D00D8A205 /* RequestVC.swift in Sources */ = {isa = PBXBuildFile; fileRef = E0DD3C702AAEFF7D00D8A205 /* RequestVC.swift */; };
		E0DF66D32A95D150006BFBFE /* MapPlaces.swift in Sources */ = {isa = PBXBuildFile; fileRef = E0DF66D22A95D14F006BFBFE /* MapPlaces.swift */; };
		E0DF66D52A95EF70006BFBFE /* BorderStyle.swift in Sources */ = {isa = PBXBuildFile; fileRef = E0DF66D42A95EF70006BFBFE /* BorderStyle.swift */; };
		E0DF66D72A95F1C8006BFBFE /* UITapGesture.swift in Sources */ = {isa = PBXBuildFile; fileRef = E0DF66D62A95F1C8006BFBFE /* UITapGesture.swift */; };
		E0DF66D92A95F266006BFBFE /* UIAlertController.swift in Sources */ = {isa = PBXBuildFile; fileRef = E0DF66D82A95F266006BFBFE /* UIAlertController.swift */; };
		E0E544312ADD38C400B7D2F0 /* ActivityCurrentCell.swift in Sources */ = {isa = PBXBuildFile; fileRef = E0E544302ADD38C400B7D2F0 /* ActivityCurrentCell.swift */; };
		E0E544332ADD38DE00B7D2F0 /* ActivityFollowingCell.swift in Sources */ = {isa = PBXBuildFile; fileRef = E0E544322ADD38DE00B7D2F0 /* ActivityFollowingCell.swift */; };
		E0E544352ADD390300B7D2F0 /* ActivityPastCell.swift in Sources */ = {isa = PBXBuildFile; fileRef = E0E544342ADD390300B7D2F0 /* ActivityPastCell.swift */; };
		E0E544372ADD4BB300B7D2F0 /* Activities.swift in Sources */ = {isa = PBXBuildFile; fileRef = E0E544362ADD4BB300B7D2F0 /* Activities.swift */; };
		E0FCE59C2AB1E98A0010D419 /* MessageKit in Frameworks */ = {isa = PBXBuildFile; productRef = E0FCE59B2AB1E98A0010D419 /* MessageKit */; };
/* End PBXBuildFile section */

/* Begin PBXFileReference section */
		761825062AB435D70018073E /* Categories.swift */ = {isa = PBXFileReference; lastKnownFileType = sourcecode.swift; path = Categories.swift; sourceTree = "<group>"; };
		767DCDA72B68D7160005D0E8 /* MessageCell.swift */ = {isa = PBXFileReference; lastKnownFileType = sourcecode.swift; path = MessageCell.swift; sourceTree = "<group>"; };
		767DCDA92B68D72B0005D0E8 /* MessageCell2.swift */ = {isa = PBXFileReference; lastKnownFileType = sourcecode.swift; path = MessageCell2.swift; sourceTree = "<group>"; };
		767DCDAB2B68D7410005D0E8 /* ImageCellTV.swift */ = {isa = PBXFileReference; lastKnownFileType = sourcecode.swift; path = ImageCellTV.swift; sourceTree = "<group>"; };
		767DCDAD2B68D9A90005D0E8 /* MessageModel.swift */ = {isa = PBXFileReference; lastKnownFileType = sourcecode.swift; path = MessageModel.swift; sourceTree = "<group>"; };
		767DCDAF2B68DACD0005D0E8 /* TypingBubbleView.swift */ = {isa = PBXFileReference; lastKnownFileType = sourcecode.swift; path = TypingBubbleView.swift; sourceTree = "<group>"; };
		767EB86C2B68CC4800425758 /* SocketIOManager.swift */ = {isa = PBXFileReference; lastKnownFileType = sourcecode.swift; path = SocketIOManager.swift; sourceTree = "<group>"; };
		767EB86E2B68CC7400425758 /* DecryptionHandler.swift */ = {isa = PBXFileReference; lastKnownFileType = sourcecode.swift; path = DecryptionHandler.swift; sourceTree = "<group>"; };
		767EB8722B68CD2300425758 /* ChatViewController.swift */ = {isa = PBXFileReference; lastKnownFileType = sourcecode.swift; path = ChatViewController.swift; sourceTree = "<group>"; };
		7686A3BF2ACC4DAD0083F7DC /* MessageCellUser.swift */ = {isa = PBXFileReference; lastKnownFileType = sourcecode.swift; path = MessageCellUser.swift; sourceTree = "<group>"; };
		769841CD2ACAC3DE0061046D /* Inbox Model.swift */ = {isa = PBXFileReference; lastKnownFileType = sourcecode.swift; path = "Inbox Model.swift"; sourceTree = "<group>"; };
		769841CF2ACB03E60061046D /* MassageModel.swift */ = {isa = PBXFileReference; lastKnownFileType = sourcecode.swift; path = MassageModel.swift; sourceTree = "<group>"; };
		76D5C5F42AB06B8500C6E4DC /* Constant.swift */ = {isa = PBXFileReference; lastKnownFileType = sourcecode.swift; path = Constant.swift; sourceTree = "<group>"; };
		76D5C5F62AB06BA500C6E4DC /* APIManger.swift */ = {isa = PBXFileReference; lastKnownFileType = sourcecode.swift; path = APIManger.swift; sourceTree = "<group>"; };
		76D5C5F82AB0720C00C6E4DC /* UserInfo.swift */ = {isa = PBXFileReference; lastKnownFileType = sourcecode.swift; path = UserInfo.swift; sourceTree = "<group>"; };
		76FA7D2A2B6A511A00D4EB4D /* nagtiveCV.swift */ = {isa = PBXFileReference; lastKnownFileType = sourcecode.swift; path = nagtiveCV.swift; sourceTree = "<group>"; };
		E003374E2AD916A4001E55A6 /* FollowersModel.swift */ = {isa = PBXFileReference; lastKnownFileType = sourcecode.swift; path = FollowersModel.swift; sourceTree = "<group>"; };
		E00337502AD948B5001E55A6 /* FollowingModel.swift */ = {isa = PBXFileReference; lastKnownFileType = sourcecode.swift; path = FollowingModel.swift; sourceTree = "<group>"; };
		E00B8BD02AA99F23001422CE /* SignUpVC.swift */ = {isa = PBXFileReference; lastKnownFileType = sourcecode.swift; path = SignUpVC.swift; sourceTree = "<group>"; };
		E00B8BD22AA9D9DD001422CE /* SignUpAgeTableViewCell.swift */ = {isa = PBXFileReference; lastKnownFileType = sourcecode.swift; path = SignUpAgeTableViewCell.swift; sourceTree = "<group>"; };
		E00B8BD42AA9FA37001422CE /* KeyBoardDismiss.swift */ = {isa = PBXFileReference; lastKnownFileType = sourcecode.swift; path = KeyBoardDismiss.swift; sourceTree = "<group>"; };
		E08986B22AC568DD005A102D /* Base */ = {isa = PBXFileReference; lastKnownFileType = file.storyboard; name = Base; path = Base.lproj/Main.storyboard; sourceTree = "<group>"; };
		E0A0E21D2AF2305D0090B6C0 /* Validation.swift */ = {isa = PBXFileReference; lastKnownFileType = sourcecode.swift; path = Validation.swift; sourceTree = "<group>"; };
		E0A96F202B050018008E8360 /* RootViewController.swift */ = {isa = PBXFileReference; lastKnownFileType = sourcecode.swift; path = RootViewController.swift; sourceTree = "<group>"; };
		E0AA26CA2A864361002CDACA /* HomeVC.swift */ = {isa = PBXFileReference; lastKnownFileType = sourcecode.swift; path = HomeVC.swift; sourceTree = "<group>"; };
		E0AA26CC2A8649F6002CDACA /* HomeTableViewCell.swift */ = {isa = PBXFileReference; lastKnownFileType = sourcecode.swift; path = HomeTableViewCell.swift; sourceTree = "<group>"; };
		E0ACDE182B01FFDA004FE395 /* SPONENT.entitlements */ = {isa = PBXFileReference; lastKnownFileType = text.plist.entitlements; path = SPONENT.entitlements; sourceTree = "<group>"; };
		E0AD05872ADFF5C000DC1D2F /* MapActivities.swift */ = {isa = PBXFileReference; lastKnownFileType = sourcecode.swift; path = MapActivities.swift; sourceTree = "<group>"; };
		E0AD40702A8CF150007576C3 /* ProfileVC.swift */ = {isa = PBXFileReference; lastKnownFileType = sourcecode.swift; path = ProfileVC.swift; sourceTree = "<group>"; };
		E0AE75712AD7D25500BE7DAC /* ProfileActivityCell.swift */ = {isa = PBXFileReference; lastKnownFileType = sourcecode.swift; path = ProfileActivityCell.swift; sourceTree = "<group>"; };
		E0AE75742AD7D84C00BE7DAC /* ProfileFollowerCell.swift */ = {isa = PBXFileReference; lastKnownFileType = sourcecode.swift; path = ProfileFollowerCell.swift; sourceTree = "<group>"; };
		E0AE75762AD7F38200BE7DAC /* ProfileFollowingCell.swift */ = {isa = PBXFileReference; lastKnownFileType = sourcecode.swift; path = ProfileFollowingCell.swift; sourceTree = "<group>"; };
		E0AFE26E2ACED46400E00A97 /* MessageCellSender.swift */ = {isa = PBXFileReference; lastKnownFileType = sourcecode.swift; path = MessageCellSender.swift; sourceTree = "<group>"; };
		E0B381352AB8370B00015401 /* UpdateSignUpVC.swift */ = {isa = PBXFileReference; lastKnownFileType = sourcecode.swift; path = UpdateSignUpVC.swift; sourceTree = "<group>"; };
		E0B664CA2A84FEEA00537CAE /* SPONENT.app */ = {isa = PBXFileReference; explicitFileType = wrapper.application; includeInIndex = 0; path = SPONENT.app; sourceTree = BUILT_PRODUCTS_DIR; };
		E0B664CD2A84FEEA00537CAE /* AppDelegate.swift */ = {isa = PBXFileReference; lastKnownFileType = sourcecode.swift; path = AppDelegate.swift; sourceTree = "<group>"; };
		E0B664CF2A84FEEA00537CAE /* SceneDelegate.swift */ = {isa = PBXFileReference; lastKnownFileType = sourcecode.swift; path = SceneDelegate.swift; sourceTree = "<group>"; };
		E0B664D62A84FEEB00537CAE /* Assets.xcassets */ = {isa = PBXFileReference; lastKnownFileType = folder.assetcatalog; path = Assets.xcassets; sourceTree = "<group>"; };
		E0B664D92A84FEEB00537CAE /* Base */ = {isa = PBXFileReference; lastKnownFileType = file.storyboard; name = Base; path = Base.lproj/LaunchScreen.storyboard; sourceTree = "<group>"; };
		E0B664DB2A84FEEB00537CAE /* Info.plist */ = {isa = PBXFileReference; lastKnownFileType = text.plist.xml; path = Info.plist; sourceTree = "<group>"; };
		E0B664E72A85001000537CAE /* LoginVC.swift */ = {isa = PBXFileReference; lastKnownFileType = sourcecode.swift; path = LoginVC.swift; sourceTree = "<group>"; };
		E0B664E92A85009200537CAE /* GradientColour.swift */ = {isa = PBXFileReference; lastKnownFileType = sourcecode.swift; path = GradientColour.swift; sourceTree = "<group>"; };
		E0B664EB2A8500B500537CAE /* CornerRadius.swift */ = {isa = PBXFileReference; lastKnownFileType = sourcecode.swift; path = CornerRadius.swift; sourceTree = "<group>"; };
		E0B8CB7A2AB2DCB200846951 /* ChatVC.swift */ = {isa = PBXFileReference; lastKnownFileType = sourcecode.swift; path = ChatVC.swift; sourceTree = "<group>"; };
		E0B959392AE259E10030A930 /* RejectedTableViewCell.swift */ = {isa = PBXFileReference; lastKnownFileType = sourcecode.swift; path = RejectedTableViewCell.swift; sourceTree = "<group>"; };
		E0BFDFE12ACD37D1006D594D /* ConnectModel.swift */ = {isa = PBXFileReference; lastKnownFileType = sourcecode.swift; path = ConnectModel.swift; sourceTree = "<group>"; };
		E0BFDFE52ACD7697006D594D /* KingFisher Image.swift */ = {isa = PBXFileReference; lastKnownFileType = sourcecode.swift; path = "KingFisher Image.swift"; sourceTree = "<group>"; };
		E0C33ADA2AAB2D65007E719A /* ConnectVC.swift */ = {isa = PBXFileReference; lastKnownFileType = sourcecode.swift; path = ConnectVC.swift; sourceTree = "<group>"; };
		E0C33ADC2AAB3795007E719A /* ConnectTableViewCell.swift */ = {isa = PBXFileReference; lastKnownFileType = sourcecode.swift; path = ConnectTableViewCell.swift; sourceTree = "<group>"; };
		E0C365682AB1BA2700B7E6FB /* MessagesVC.swift */ = {isa = PBXFileReference; lastKnownFileType = sourcecode.swift; path = MessagesVC.swift; sourceTree = "<group>"; };
		E0C3656A2AB1BA4300B7E6FB /* MessagesTableViewCell.swift */ = {isa = PBXFileReference; lastKnownFileType = sourcecode.swift; path = MessagesTableViewCell.swift; sourceTree = "<group>"; };
		E0CACB5F2ACFDD3F00B62057 /* UserActivityModel.swift */ = {isa = PBXFileReference; lastKnownFileType = sourcecode.swift; path = UserActivityModel.swift; sourceTree = "<group>"; };
		E0CE87692AE7949E00311914 /* ActivtyRequests.swift */ = {isa = PBXFileReference; lastKnownFileType = sourcecode.swift; path = ActivtyRequests.swift; sourceTree = "<group>"; };
		E0D10A8F2AE13F9A00BA188E /* AcceptedTableViewCell.swift */ = {isa = PBXFileReference; lastKnownFileType = sourcecode.swift; path = AcceptedTableViewCell.swift; sourceTree = "<group>"; };
		E0DAA1872A8CD069001F72EF /* DetailViewController.swift */ = {isa = PBXFileReference; lastKnownFileType = sourcecode.swift; path = DetailViewController.swift; sourceTree = "<group>"; };
		E0DD3C6A2AAEE24800D8A205 /* ActivityVC.swift */ = {isa = PBXFileReference; lastKnownFileType = sourcecode.swift; path = ActivityVC.swift; sourceTree = "<group>"; };
		E0DD3C6C2AAEF15400D8A205 /* ActivityPendingCell.swift */ = {isa = PBXFileReference; lastKnownFileType = sourcecode.swift; path = ActivityPendingCell.swift; sourceTree = "<group>"; };
		E0DD3C6E2AAEFF5600D8A205 /* RequestTableViewCell.swift */ = {isa = PBXFileReference; lastKnownFileType = sourcecode.swift; path = RequestTableViewCell.swift; sourceTree = "<group>"; };
		E0DD3C702AAEFF7D00D8A205 /* RequestVC.swift */ = {isa = PBXFileReference; lastKnownFileType = sourcecode.swift; path = RequestVC.swift; sourceTree = "<group>"; };
		E0DF66D22A95D14F006BFBFE /* MapPlaces.swift */ = {isa = PBXFileReference; lastKnownFileType = sourcecode.swift; path = MapPlaces.swift; sourceTree = "<group>"; };
		E0DF66D42A95EF70006BFBFE /* BorderStyle.swift */ = {isa = PBXFileReference; lastKnownFileType = sourcecode.swift; path = BorderStyle.swift; sourceTree = "<group>"; };
		E0DF66D62A95F1C8006BFBFE /* UITapGesture.swift */ = {isa = PBXFileReference; lastKnownFileType = sourcecode.swift; path = UITapGesture.swift; sourceTree = "<group>"; };
		E0DF66D82A95F266006BFBFE /* UIAlertController.swift */ = {isa = PBXFileReference; lastKnownFileType = sourcecode.swift; path = UIAlertController.swift; sourceTree = "<group>"; };
		E0E544302ADD38C400B7D2F0 /* ActivityCurrentCell.swift */ = {isa = PBXFileReference; lastKnownFileType = sourcecode.swift; path = ActivityCurrentCell.swift; sourceTree = "<group>"; };
		E0E544322ADD38DE00B7D2F0 /* ActivityFollowingCell.swift */ = {isa = PBXFileReference; lastKnownFileType = sourcecode.swift; path = ActivityFollowingCell.swift; sourceTree = "<group>"; };
		E0E544342ADD390300B7D2F0 /* ActivityPastCell.swift */ = {isa = PBXFileReference; lastKnownFileType = sourcecode.swift; path = ActivityPastCell.swift; sourceTree = "<group>"; };
		E0E544362ADD4BB300B7D2F0 /* Activities.swift */ = {isa = PBXFileReference; lastKnownFileType = sourcecode.swift; path = Activities.swift; sourceTree = "<group>"; };
/* End PBXFileReference section */

/* Begin PBXFrameworksBuildPhase section */
		E0B664C72A84FEEA00537CAE /* Frameworks */ = {
			isa = PBXFrameworksBuildPhase;
			buildActionMask = 2147483647;
			files = (
				76D5C5EE2AB069DA00C6E4DC /* Kingfisher in Frameworks */,
				769569B52AC5900300A99725 /* SocketIO in Frameworks */,
				E0AB64602A9F0CB200F4F299 /* GoogleMaps in Frameworks */,
				E0AB64642A9F0CB200F4F299 /* GoogleMapsCore in Frameworks */,
				E0FCE59C2AB1E98A0010D419 /* MessageKit in Frameworks */,
				767DCDB62B68DC860005D0E8 /* IQKeyboardManagerSwift in Frameworks */,
				E0CAC4E12AFB702500D9A876 /* GoogleSignIn in Frameworks */,
				E0AB64662A9F0CB200F4F299 /* GoogleMapsM4B in Frameworks */,
				E0C05ED92B0494A80097F489 /* FacebookLogin in Frameworks */,
				767DCDB32B68DC0B0005D0E8 /* GSImageViewerController in Frameworks */,
				E0C05ED72B0494A80097F489 /* FacebookCore in Frameworks */,
				E0AB64682A9F0CB200F4F299 /* GooglePlaces in Frameworks */,
				E0AB64622A9F0CB200F4F299 /* GoogleMapsBase in Frameworks */,
				E0CAC4DE2AFB6A5200D9A876 /* GoogleSignIn in Frameworks */,
				E0CAC4E32AFB702500D9A876 /* GoogleSignInSwift in Frameworks */,
			);
			runOnlyForDeploymentPostprocessing = 0;
		};
/* End PBXFrameworksBuildPhase section */

/* Begin PBXGroup section */
		767DCDA62B68D6D20005D0E8 /* ChatVCTableViewCell */ = {
			isa = PBXGroup;
			children = (
				767DCDA72B68D7160005D0E8 /* MessageCell.swift */,
				767DCDA92B68D72B0005D0E8 /* MessageCell2.swift */,
				767DCDAB2B68D7410005D0E8 /* ImageCellTV.swift */,
				767DCDAD2B68D9A90005D0E8 /* MessageModel.swift */,
			);
			path = ChatVCTableViewCell;
			sourceTree = "<group>";
		};
		767EB86B2B68CC1800425758 /* SocketIO */ = {
			isa = PBXGroup;
			children = (
				767EB86C2B68CC4800425758 /* SocketIOManager.swift */,
				767EB86E2B68CC7400425758 /* DecryptionHandler.swift */,
				767EB8722B68CD2300425758 /* ChatViewController.swift */,
				76FA7D2A2B6A511A00D4EB4D /* nagtiveCV.swift */,
				767DCDA62B68D6D20005D0E8 /* ChatVCTableViewCell */,
			);
			path = SocketIO;
			sourceTree = "<group>";
		};
		76ADC4722ACC4BDC002D7476 /* ChatVC */ = {
			isa = PBXGroup;
			children = (
				7686A3BF2ACC4DAD0083F7DC /* MessageCellUser.swift */,
				E0AFE26E2ACED46400E00A97 /* MessageCellSender.swift */,
			);
			path = ChatVC;
			sourceTree = "<group>";
		};
		76D5C5F02AB06B2800C6E4DC /* Services */ = {
			isa = PBXGroup;
			children = (
				76D5C5F32AB06B5C00C6E4DC /* Constants */,
				76D5C5F12AB06B4000C6E4DC /* Networking */,
			);
			path = Services;
			sourceTree = "<group>";
		};
		76D5C5F12AB06B4000C6E4DC /* Networking */ = {
			isa = PBXGroup;
			children = (
				76D5C5F62AB06BA500C6E4DC /* APIManger.swift */,
				76D5C5F82AB0720C00C6E4DC /* UserInfo.swift */,
			);
			path = Networking;
			sourceTree = "<group>";
		};
		76D5C5F32AB06B5C00C6E4DC /* Constants */ = {
			isa = PBXGroup;
			children = (
				76D5C5F42AB06B8500C6E4DC /* Constant.swift */,
			);
			path = Constants;
			sourceTree = "<group>";
		};
		E0AA26C92A8642DF002CDACA /* TabBar */ = {
			isa = PBXGroup;
			children = (
				E0AA26CA2A864361002CDACA /* HomeVC.swift */,
				E0C33ADA2AAB2D65007E719A /* ConnectVC.swift */,
				E0DD3C6A2AAEE24800D8A205 /* ActivityVC.swift */,
				E0C365682AB1BA2700B7E6FB /* MessagesVC.swift */,
				E0AD40702A8CF150007576C3 /* ProfileVC.swift */,
			);
			path = TabBar;
			sourceTree = "<group>";
		};
		E0AE75732AD7D26C00BE7DAC /* ProfileVC */ = {
			isa = PBXGroup;
			children = (
				E0AE75712AD7D25500BE7DAC /* ProfileActivityCell.swift */,
				E0AE75742AD7D84C00BE7DAC /* ProfileFollowerCell.swift */,
				E0AE75762AD7F38200BE7DAC /* ProfileFollowingCell.swift */,
			);
			path = ProfileVC;
			sourceTree = "<group>";
		};
		E0AFE7592A8F7C0E001D3992 /* Sources */ = {
			isa = PBXGroup;
			children = (
				E0B664D62A84FEEB00537CAE /* Assets.xcassets */,
			);
			path = Sources;
			sourceTree = "<group>";
		};
		E0AFE75A2A8F7C52001D3992 /* TableViewCell */ = {
			isa = PBXGroup;
			children = (
				E00B8BD22AA9D9DD001422CE /* SignUpAgeTableViewCell.swift */,
				E0DD3C6E2AAEFF5600D8A205 /* RequestTableViewCell.swift */,
				E0D10A8F2AE13F9A00BA188E /* AcceptedTableViewCell.swift */,
				E0B959392AE259E10030A930 /* RejectedTableViewCell.swift */,
				E0BABF3A2ACD834600C5AC95 /* TabBarVC  */,
				76ADC4722ACC4BDC002D7476 /* ChatVC */,
			);
			path = TableViewCell;
			sourceTree = "<group>";
		};
		E0B664C12A84FEEA00537CAE = {
			isa = PBXGroup;
			children = (
				76D5C5F02AB06B2800C6E4DC /* Services */,
				E0B664E62A84FF7C00537CAE /* Application */,
				E0B664E12A84FF2500537CAE /* Extensions */,
				E0B664E52A84FF6A00537CAE /* Models */,
				E0B664E22A84FF5500537CAE /* View */,
				E0B664E42A84FF6300537CAE /* Controllers */,
				E0AFE7592A8F7C0E001D3992 /* Sources */,
				E0B664CC2A84FEEA00537CAE /* SPONENT */,
				767EB86B2B68CC1800425758 /* SocketIO */,
				E0B664CB2A84FEEA00537CAE /* Products */,
			);
			sourceTree = "<group>";
		};
		E0B664CB2A84FEEA00537CAE /* Products */ = {
			isa = PBXGroup;
			children = (
				E0B664CA2A84FEEA00537CAE /* SPONENT.app */,
			);
			name = Products;
			sourceTree = "<group>";
		};
		E0B664CC2A84FEEA00537CAE /* SPONENT */ = {
			isa = PBXGroup;
			children = (
				E0ACDE182B01FFDA004FE395 /* SPONENT.entitlements */,
				E0B664DB2A84FEEB00537CAE /* Info.plist */,
			);
			path = SPONENT;
			sourceTree = "<group>";
		};
		E0B664E12A84FF2500537CAE /* Extensions */ = {
			isa = PBXGroup;
			children = (
				E0B664E92A85009200537CAE /* GradientColour.swift */,
				E0B664EB2A8500B500537CAE /* CornerRadius.swift */,
				E0DF66D42A95EF70006BFBFE /* BorderStyle.swift */,
				E0DF66D62A95F1C8006BFBFE /* UITapGesture.swift */,
				E0DF66D82A95F266006BFBFE /* UIAlertController.swift */,
				E00B8BD42AA9FA37001422CE /* KeyBoardDismiss.swift */,
				E0BFDFE52ACD7697006D594D /* KingFisher Image.swift */,
				E0A0E21D2AF2305D0090B6C0 /* Validation.swift */,
				E0A96F202B050018008E8360 /* RootViewController.swift */,
				767DCDAF2B68DACD0005D0E8 /* TypingBubbleView.swift */,
			);
			path = Extensions;
			sourceTree = "<group>";
		};
		E0B664E22A84FF5500537CAE /* View */ = {
			isa = PBXGroup;
			children = (
				E08986B12AC568DD005A102D /* Main.storyboard */,
				E0B664D82A84FEEB00537CAE /* LaunchScreen.storyboard */,
			);
			path = View;
			sourceTree = "<group>";
		};
		E0B664E42A84FF6300537CAE /* Controllers */ = {
			isa = PBXGroup;
			children = (
				E0B664E72A85001000537CAE /* LoginVC.swift */,
				E00B8BD02AA99F23001422CE /* SignUpVC.swift */,
				E0B381352AB8370B00015401 /* UpdateSignUpVC.swift */,
				E0DAA1872A8CD069001F72EF /* DetailViewController.swift */,
				E0DD3C702AAEFF7D00D8A205 /* RequestVC.swift */,
				E0B8CB7A2AB2DCB200846951 /* ChatVC.swift */,
				E0AA26C92A8642DF002CDACA /* TabBar */,
				E0AFE75A2A8F7C52001D3992 /* TableViewCell */,
			);
			path = Controllers;
			sourceTree = "<group>";
		};
		E0B664E52A84FF6A00537CAE /* Models */ = {
			isa = PBXGroup;
			children = (
				E0DF66D22A95D14F006BFBFE /* MapPlaces.swift */,
				761825062AB435D70018073E /* Categories.swift */,
				769841CD2ACAC3DE0061046D /* Inbox Model.swift */,
				769841CF2ACB03E60061046D /* MassageModel.swift */,
				E0BFDFE12ACD37D1006D594D /* ConnectModel.swift */,
				E0CACB5F2ACFDD3F00B62057 /* UserActivityModel.swift */,
				E003374E2AD916A4001E55A6 /* FollowersModel.swift */,
				E00337502AD948B5001E55A6 /* FollowingModel.swift */,
				E0E544362ADD4BB300B7D2F0 /* Activities.swift */,
				E0AD05872ADFF5C000DC1D2F /* MapActivities.swift */,
				E0CE87692AE7949E00311914 /* ActivtyRequests.swift */,
			);
			path = Models;
			sourceTree = "<group>";
		};
		E0B664E62A84FF7C00537CAE /* Application */ = {
			isa = PBXGroup;
			children = (
				E0B664CD2A84FEEA00537CAE /* AppDelegate.swift */,
				E0B664CF2A84FEEA00537CAE /* SceneDelegate.swift */,
			);
			path = Application;
			sourceTree = "<group>";
		};
		E0BABF3A2ACD834600C5AC95 /* TabBarVC  */ = {
			isa = PBXGroup;
			children = (
				E0AA26CC2A8649F6002CDACA /* HomeTableViewCell.swift */,
				E0C33ADC2AAB3795007E719A /* ConnectTableViewCell.swift */,
				E0E5442F2ADD385F00B7D2F0 /* ActivityVC */,
				E0C3656A2AB1BA4300B7E6FB /* MessagesTableViewCell.swift */,
				E0AE75732AD7D26C00BE7DAC /* ProfileVC */,
			);
			path = "TabBarVC ";
			sourceTree = "<group>";
		};
		E0E5442F2ADD385F00B7D2F0 /* ActivityVC */ = {
			isa = PBXGroup;
			children = (
				E0DD3C6C2AAEF15400D8A205 /* ActivityPendingCell.swift */,
				E0E544302ADD38C400B7D2F0 /* ActivityCurrentCell.swift */,
				E0E544322ADD38DE00B7D2F0 /* ActivityFollowingCell.swift */,
				E0E544342ADD390300B7D2F0 /* ActivityPastCell.swift */,
			);
			path = ActivityVC;
			sourceTree = "<group>";
		};
/* End PBXGroup section */

/* Begin PBXNativeTarget section */
		E0B664C92A84FEEA00537CAE /* SPONENT */ = {
			isa = PBXNativeTarget;
			buildConfigurationList = E0B664DE2A84FEEB00537CAE /* Build configuration list for PBXNativeTarget "SPONENT" */;
			buildPhases = (
				E0B664C62A84FEEA00537CAE /* Sources */,
				E0B664C72A84FEEA00537CAE /* Frameworks */,
				E0B664C82A84FEEA00537CAE /* Resources */,
			);
			buildRules = (
			);
			dependencies = (
			);
			name = SPONENT;
			packageProductDependencies = (
				E0AB645F2A9F0CB200F4F299 /* GoogleMaps */,
				E0AB64612A9F0CB200F4F299 /* GoogleMapsBase */,
				E0AB64632A9F0CB200F4F299 /* GoogleMapsCore */,
				E0AB64652A9F0CB200F4F299 /* GoogleMapsM4B */,
				E0AB64672A9F0CB200F4F299 /* GooglePlaces */,
				76D5C5ED2AB069DA00C6E4DC /* Kingfisher */,
				E0FCE59B2AB1E98A0010D419 /* MessageKit */,
				769569B42AC5900300A99725 /* SocketIO */,
				E0CAC4DD2AFB6A5200D9A876 /* GoogleSignIn */,
				E0CAC4E02AFB702500D9A876 /* GoogleSignIn */,
				E0CAC4E22AFB702500D9A876 /* GoogleSignInSwift */,
				E0C05ED62B0494A80097F489 /* FacebookCore */,
				E0C05ED82B0494A80097F489 /* FacebookLogin */,
				767DCDB22B68DC0B0005D0E8 /* GSImageViewerController */,
				767DCDB52B68DC860005D0E8 /* IQKeyboardManagerSwift */,
			);
			productName = SPONENT;
			productReference = E0B664CA2A84FEEA00537CAE /* SPONENT.app */;
			productType = "com.apple.product-type.application";
		};
/* End PBXNativeTarget section */

/* Begin PBXProject section */
		E0B664C22A84FEEA00537CAE /* Project object */ = {
			isa = PBXProject;
			attributes = {
				BuildIndependentTargetsInParallel = 1;
				LastSwiftUpdateCheck = 1330;
				LastUpgradeCheck = 1330;
				TargetAttributes = {
					E0B664C92A84FEEA00537CAE = {
						CreatedOnToolsVersion = 13.3;
					};
				};
			};
			buildConfigurationList = E0B664C52A84FEEA00537CAE /* Build configuration list for PBXProject "SPONENT" */;
			compatibilityVersion = "Xcode 13.0";
			developmentRegion = en;
			hasScannedForEncodings = 0;
			knownRegions = (
				en,
				Base,
			);
			mainGroup = E0B664C12A84FEEA00537CAE;
			packageReferences = (
				E0AB645E2A9F0CB200F4F299 /* XCRemoteSwiftPackageReference "GoogleMaps-SP" */,
				76D5C5EC2AB069DA00C6E4DC /* XCRemoteSwiftPackageReference "Kingfisher" */,
				E0FCE59A2AB1E98A0010D419 /* XCRemoteSwiftPackageReference "MessageKit" */,
				769569B32AC5900300A99725 /* XCRemoteSwiftPackageReference "socket.io-client-swift" */,
				E0CAC4DC2AFB6A5200D9A876 /* XCRemoteSwiftPackageReference "GoogleSignIn-iOS" */,
				E0CAC4DF2AFB702500D9A876 /* XCRemoteSwiftPackageReference "GoogleSignIn-iOS" */,
				E0C05ED52B0494A80097F489 /* XCRemoteSwiftPackageReference "facebook-ios-sdk" */,
				767DCDB12B68DC0B0005D0E8 /* XCRemoteSwiftPackageReference "GSImageViewerController" */,
				767DCDB42B68DC850005D0E8 /* XCRemoteSwiftPackageReference "IQKeyboardManager" */,
			);
			productRefGroup = E0B664CB2A84FEEA00537CAE /* Products */;
			projectDirPath = "";
			projectRoot = "";
			targets = (
				E0B664C92A84FEEA00537CAE /* SPONENT */,
			);
		};
/* End PBXProject section */

/* Begin PBXResourcesBuildPhase section */
		E0B664C82A84FEEA00537CAE /* Resources */ = {
			isa = PBXResourcesBuildPhase;
			buildActionMask = 2147483647;
			files = (
				E08986B32AC568DD005A102D /* Main.storyboard in Resources */,
				E0B664DA2A84FEEB00537CAE /* LaunchScreen.storyboard in Resources */,
				E0B664D72A84FEEB00537CAE /* Assets.xcassets in Resources */,
			);
			runOnlyForDeploymentPostprocessing = 0;
		};
/* End PBXResourcesBuildPhase section */

/* Begin PBXSourcesBuildPhase section */
		E0B664C62A84FEEA00537CAE /* Sources */ = {
			isa = PBXSourcesBuildPhase;
			buildActionMask = 2147483647;
			files = (
				E0BFDFE22ACD37D1006D594D /* ConnectModel.swift in Sources */,
				E00B8BD12AA99F23001422CE /* SignUpVC.swift in Sources */,
				769841D02ACB03E60061046D /* MassageModel.swift in Sources */,
				E0C33ADB2AAB2D65007E719A /* ConnectVC.swift in Sources */,
				E0AE75752AD7D84C00BE7DAC /* ProfileFollowerCell.swift in Sources */,
				E0DD3C6D2AAEF15400D8A205 /* ActivityPendingCell.swift in Sources */,
				E0E544352ADD390300B7D2F0 /* ActivityPastCell.swift in Sources */,
				76D5C5F92AB0720C00C6E4DC /* UserInfo.swift in Sources */,
				E003374F2AD916A4001E55A6 /* FollowersModel.swift in Sources */,
				E0E544312ADD38C400B7D2F0 /* ActivityCurrentCell.swift in Sources */,
				76FA7D2B2B6A511A00D4EB4D /* nagtiveCV.swift in Sources */,
				E00B8BD32AA9D9DD001422CE /* SignUpAgeTableViewCell.swift in Sources */,
				767DCDB02B68DACD0005D0E8 /* TypingBubbleView.swift in Sources */,
				767EB86D2B68CC4800425758 /* SocketIOManager.swift in Sources */,
				E0DD3C712AAEFF7D00D8A205 /* RequestVC.swift in Sources */,
				767EB8732B68CD2300425758 /* ChatViewController.swift in Sources */,
				E0DF66D92A95F266006BFBFE /* UIAlertController.swift in Sources */,
				E0C3656B2AB1BA4300B7E6FB /* MessagesTableViewCell.swift in Sources */,
				E0CE876A2AE7949E00311914 /* ActivtyRequests.swift in Sources */,
				E0B8CB7B2AB2DCB200846951 /* ChatVC.swift in Sources */,
				7686A3C02ACC4DAD0083F7DC /* MessageCellUser.swift in Sources */,
				76D5C5F72AB06BA500C6E4DC /* APIManger.swift in Sources */,
				E0DF66D52A95EF70006BFBFE /* BorderStyle.swift in Sources */,
				E0DF66D72A95F1C8006BFBFE /* UITapGesture.swift in Sources */,
				E0B664CE2A84FEEA00537CAE /* AppDelegate.swift in Sources */,
				E0DD3C6F2AAEFF5600D8A205 /* RequestTableViewCell.swift in Sources */,
				76D5C5F52AB06B8500C6E4DC /* Constant.swift in Sources */,
				E0B664EA2A85009200537CAE /* GradientColour.swift in Sources */,
				761825072AB435D70018073E /* Categories.swift in Sources */,
				E0B381362AB8370B00015401 /* UpdateSignUpVC.swift in Sources */,
				E00337512AD948B5001E55A6 /* FollowingModel.swift in Sources */,
				767DCDAE2B68D9A90005D0E8 /* MessageModel.swift in Sources */,
				E0B9593A2AE259E10030A930 /* RejectedTableViewCell.swift in Sources */,
				E0AA26CD2A8649F6002CDACA /* HomeTableViewCell.swift in Sources */,
				E0AD40712A8CF150007576C3 /* ProfileVC.swift in Sources */,
				E0A96F212B050018008E8360 /* RootViewController.swift in Sources */,
				E0B664EC2A8500B500537CAE /* CornerRadius.swift in Sources */,
				E0CACB602ACFDD3F00B62057 /* UserActivityModel.swift in Sources */,
				E0AA26CB2A864361002CDACA /* HomeVC.swift in Sources */,
				E0BFDFE62ACD7697006D594D /* KingFisher Image.swift in Sources */,
				E0C33ADD2AAB3795007E719A /* ConnectTableViewCell.swift in Sources */,
				E0DF66D32A95D150006BFBFE /* MapPlaces.swift in Sources */,
				E0D10A902AE13F9A00BA188E /* AcceptedTableViewCell.swift in Sources */,
				E0AFE26F2ACED46400E00A97 /* MessageCellSender.swift in Sources */,
				767DCDA82B68D7160005D0E8 /* MessageCell.swift in Sources */,
				E0AD05882ADFF5C000DC1D2F /* MapActivities.swift in Sources */,
				E0AE75772AD7F38200BE7DAC /* ProfileFollowingCell.swift in Sources */,
				E0C365692AB1BA2700B7E6FB /* MessagesVC.swift in Sources */,
				767EB86F2B68CC7400425758 /* DecryptionHandler.swift in Sources */,
				E0E544332ADD38DE00B7D2F0 /* ActivityFollowingCell.swift in Sources */,
				767DCDAA2B68D72B0005D0E8 /* MessageCell2.swift in Sources */,
				E0E544372ADD4BB300B7D2F0 /* Activities.swift in Sources */,
				767DCDAC2B68D7410005D0E8 /* ImageCellTV.swift in Sources */,
				E0A0E21E2AF2305D0090B6C0 /* Validation.swift in Sources */,
				E0B664D02A84FEEA00537CAE /* SceneDelegate.swift in Sources */,
				E00B8BD52AA9FA37001422CE /* KeyBoardDismiss.swift in Sources */,
				E0DD3C6B2AAEE24800D8A205 /* ActivityVC.swift in Sources */,
				E0AE75722AD7D25500BE7DAC /* ProfileActivityCell.swift in Sources */,
				769841CE2ACAC3DE0061046D /* Inbox Model.swift in Sources */,
				E0B664E82A85001000537CAE /* LoginVC.swift in Sources */,
				E0DAA1882A8CD069001F72EF /* DetailViewController.swift in Sources */,
			);
			runOnlyForDeploymentPostprocessing = 0;
		};
/* End PBXSourcesBuildPhase section */

/* Begin PBXVariantGroup section */
		E08986B12AC568DD005A102D /* Main.storyboard */ = {
			isa = PBXVariantGroup;
			children = (
				E08986B22AC568DD005A102D /* Base */,
			);
			name = Main.storyboard;
			sourceTree = "<group>";
		};
		E0B664D82A84FEEB00537CAE /* LaunchScreen.storyboard */ = {
			isa = PBXVariantGroup;
			children = (
				E0B664D92A84FEEB00537CAE /* Base */,
			);
			name = LaunchScreen.storyboard;
			sourceTree = "<group>";
		};
/* End PBXVariantGroup section */

/* Begin XCBuildConfiguration section */
		E0B664DC2A84FEEB00537CAE /* Debug */ = {
			isa = XCBuildConfiguration;
			buildSettings = {
				ALWAYS_SEARCH_USER_PATHS = NO;
				CLANG_ANALYZER_NONNULL = YES;
				CLANG_ANALYZER_NUMBER_OBJECT_CONVERSION = YES_AGGRESSIVE;
				CLANG_CXX_LANGUAGE_STANDARD = "gnu++17";
				CLANG_ENABLE_MODULES = YES;
				CLANG_ENABLE_OBJC_ARC = YES;
				CLANG_ENABLE_OBJC_WEAK = YES;
				CLANG_WARN_BLOCK_CAPTURE_AUTORELEASING = YES;
				CLANG_WARN_BOOL_CONVERSION = YES;
				CLANG_WARN_COMMA = YES;
				CLANG_WARN_CONSTANT_CONVERSION = YES;
				CLANG_WARN_DEPRECATED_OBJC_IMPLEMENTATIONS = YES;
				CLANG_WARN_DIRECT_OBJC_ISA_USAGE = YES_ERROR;
				CLANG_WARN_DOCUMENTATION_COMMENTS = YES;
				CLANG_WARN_EMPTY_BODY = YES;
				CLANG_WARN_ENUM_CONVERSION = YES;
				CLANG_WARN_INFINITE_RECURSION = YES;
				CLANG_WARN_INT_CONVERSION = YES;
				CLANG_WARN_NON_LITERAL_NULL_CONVERSION = YES;
				CLANG_WARN_OBJC_IMPLICIT_RETAIN_SELF = YES;
				CLANG_WARN_OBJC_LITERAL_CONVERSION = YES;
				CLANG_WARN_OBJC_ROOT_CLASS = YES_ERROR;
				CLANG_WARN_QUOTED_INCLUDE_IN_FRAMEWORK_HEADER = YES;
				CLANG_WARN_RANGE_LOOP_ANALYSIS = YES;
				CLANG_WARN_STRICT_PROTOTYPES = YES;
				CLANG_WARN_SUSPICIOUS_MOVE = YES;
				CLANG_WARN_UNGUARDED_AVAILABILITY = YES_AGGRESSIVE;
				CLANG_WARN_UNREACHABLE_CODE = YES;
				CLANG_WARN__DUPLICATE_METHOD_MATCH = YES;
				COPY_PHASE_STRIP = NO;
				DEBUG_INFORMATION_FORMAT = dwarf;
				ENABLE_STRICT_OBJC_MSGSEND = YES;
				ENABLE_TESTABILITY = YES;
				GCC_C_LANGUAGE_STANDARD = gnu11;
				GCC_DYNAMIC_NO_PIC = NO;
				GCC_NO_COMMON_BLOCKS = YES;
				GCC_OPTIMIZATION_LEVEL = 0;
				GCC_PREPROCESSOR_DEFINITIONS = (
					"DEBUG=1",
					"$(inherited)",
				);
				GCC_WARN_64_TO_32_BIT_CONVERSION = YES;
				GCC_WARN_ABOUT_RETURN_TYPE = YES_ERROR;
				GCC_WARN_UNDECLARED_SELECTOR = YES;
				GCC_WARN_UNINITIALIZED_AUTOS = YES_AGGRESSIVE;
				GCC_WARN_UNUSED_FUNCTION = YES;
				GCC_WARN_UNUSED_VARIABLE = YES;
				IPHONEOS_DEPLOYMENT_TARGET = 13.1;
				MTL_ENABLE_DEBUG_INFO = INCLUDE_SOURCE;
				MTL_FAST_MATH = YES;
				ONLY_ACTIVE_ARCH = YES;
				SDKROOT = iphoneos;
				SWIFT_ACTIVE_COMPILATION_CONDITIONS = DEBUG;
				SWIFT_OPTIMIZATION_LEVEL = "-Onone";
			};
			name = Debug;
		};
		E0B664DD2A84FEEB00537CAE /* Release */ = {
			isa = XCBuildConfiguration;
			buildSettings = {
				ALWAYS_SEARCH_USER_PATHS = NO;
				CLANG_ANALYZER_NONNULL = YES;
				CLANG_ANALYZER_NUMBER_OBJECT_CONVERSION = YES_AGGRESSIVE;
				CLANG_CXX_LANGUAGE_STANDARD = "gnu++17";
				CLANG_ENABLE_MODULES = YES;
				CLANG_ENABLE_OBJC_ARC = YES;
				CLANG_ENABLE_OBJC_WEAK = YES;
				CLANG_WARN_BLOCK_CAPTURE_AUTORELEASING = YES;
				CLANG_WARN_BOOL_CONVERSION = YES;
				CLANG_WARN_COMMA = YES;
				CLANG_WARN_CONSTANT_CONVERSION = YES;
				CLANG_WARN_DEPRECATED_OBJC_IMPLEMENTATIONS = YES;
				CLANG_WARN_DIRECT_OBJC_ISA_USAGE = YES_ERROR;
				CLANG_WARN_DOCUMENTATION_COMMENTS = YES;
				CLANG_WARN_EMPTY_BODY = YES;
				CLANG_WARN_ENUM_CONVERSION = YES;
				CLANG_WARN_INFINITE_RECURSION = YES;
				CLANG_WARN_INT_CONVERSION = YES;
				CLANG_WARN_NON_LITERAL_NULL_CONVERSION = YES;
				CLANG_WARN_OBJC_IMPLICIT_RETAIN_SELF = YES;
				CLANG_WARN_OBJC_LITERAL_CONVERSION = YES;
				CLANG_WARN_OBJC_ROOT_CLASS = YES_ERROR;
				CLANG_WARN_QUOTED_INCLUDE_IN_FRAMEWORK_HEADER = YES;
				CLANG_WARN_RANGE_LOOP_ANALYSIS = YES;
				CLANG_WARN_STRICT_PROTOTYPES = YES;
				CLANG_WARN_SUSPICIOUS_MOVE = YES;
				CLANG_WARN_UNGUARDED_AVAILABILITY = YES_AGGRESSIVE;
				CLANG_WARN_UNREACHABLE_CODE = YES;
				CLANG_WARN__DUPLICATE_METHOD_MATCH = YES;
				COPY_PHASE_STRIP = NO;
				DEBUG_INFORMATION_FORMAT = "dwarf-with-dsym";
				ENABLE_NS_ASSERTIONS = NO;
				ENABLE_STRICT_OBJC_MSGSEND = YES;
				GCC_C_LANGUAGE_STANDARD = gnu11;
				GCC_NO_COMMON_BLOCKS = YES;
				GCC_WARN_64_TO_32_BIT_CONVERSION = YES;
				GCC_WARN_ABOUT_RETURN_TYPE = YES_ERROR;
				GCC_WARN_UNDECLARED_SELECTOR = YES;
				GCC_WARN_UNINITIALIZED_AUTOS = YES_AGGRESSIVE;
				GCC_WARN_UNUSED_FUNCTION = YES;
				GCC_WARN_UNUSED_VARIABLE = YES;
				IPHONEOS_DEPLOYMENT_TARGET = 13.1;
				MTL_ENABLE_DEBUG_INFO = NO;
				MTL_FAST_MATH = YES;
				SDKROOT = iphoneos;
				SWIFT_COMPILATION_MODE = wholemodule;
				SWIFT_OPTIMIZATION_LEVEL = "-O";
				VALIDATE_PRODUCT = YES;
			};
			name = Release;
		};
		E0B664DF2A84FEEB00537CAE /* Debug */ = {
			isa = XCBuildConfiguration;
			buildSettings = {
				ASSETCATALOG_COMPILER_APPICON_NAME = AppIcon;
				ASSETCATALOG_COMPILER_GLOBAL_ACCENT_COLOR_NAME = AccentColor;
				CODE_SIGN_ENTITLEMENTS = SPONENT/SPONENT.entitlements;
				CODE_SIGN_STYLE = Automatic;
				CURRENT_PROJECT_VERSION = 1;
				DEVELOPMENT_TEAM = 78WAT2H6ZN;
				ENABLE_BITCODE = NO;
				GENERATE_INFOPLIST_FILE = YES;
				INFOPLIST_FILE = SPONENT/Info.plist;
				INFOPLIST_KEY_UIApplicationSupportsIndirectInputEvents = YES;
				INFOPLIST_KEY_UILaunchStoryboardName = LaunchScreen;
				INFOPLIST_KEY_UIMainStoryboardFile = Main;
				INFOPLIST_KEY_UISupportedInterfaceOrientations_iPad = "UIInterfaceOrientationPortrait UIInterfaceOrientationPortraitUpsideDown UIInterfaceOrientationLandscapeLeft UIInterfaceOrientationLandscapeRight";
				INFOPLIST_KEY_UISupportedInterfaceOrientations_iPhone = "UIInterfaceOrientationPortrait UIInterfaceOrientationLandscapeLeft UIInterfaceOrientationLandscapeRight";
				IPHONEOS_DEPLOYMENT_TARGET = 13.0;
				LD_RUNPATH_SEARCH_PATHS = (
					"$(inherited)",
					"@executable_path/Frameworks",
				);
				MARKETING_VERSION = 1.0;
				PRODUCT_BUNDLE_IDENTIFIER = com.playwithmeapp;
				PRODUCT_NAME = "$(TARGET_NAME)";
				SWIFT_EMIT_LOC_STRINGS = YES;
				SWIFT_VERSION = 5.0;
				TARGETED_DEVICE_FAMILY = "1,2";
			};
			name = Debug;
		};
		E0B664E02A84FEEB00537CAE /* Release */ = {
			isa = XCBuildConfiguration;
			buildSettings = {
				ASSETCATALOG_COMPILER_APPICON_NAME = AppIcon;
				ASSETCATALOG_COMPILER_GLOBAL_ACCENT_COLOR_NAME = AccentColor;
				CODE_SIGN_ENTITLEMENTS = SPONENT/SPONENT.entitlements;
				CODE_SIGN_STYLE = Automatic;
				CURRENT_PROJECT_VERSION = 1;
				DEVELOPMENT_TEAM = 78WAT2H6ZN;
				ENABLE_BITCODE = NO;
				GENERATE_INFOPLIST_FILE = YES;
				INFOPLIST_FILE = SPONENT/Info.plist;
				INFOPLIST_KEY_UIApplicationSupportsIndirectInputEvents = YES;
				INFOPLIST_KEY_UILaunchStoryboardName = LaunchScreen;
				INFOPLIST_KEY_UIMainStoryboardFile = Main;
				INFOPLIST_KEY_UISupportedInterfaceOrientations_iPad = "UIInterfaceOrientationPortrait UIInterfaceOrientationPortraitUpsideDown UIInterfaceOrientationLandscapeLeft UIInterfaceOrientationLandscapeRight";
				INFOPLIST_KEY_UISupportedInterfaceOrientations_iPhone = "UIInterfaceOrientationPortrait UIInterfaceOrientationLandscapeLeft UIInterfaceOrientationLandscapeRight";
				IPHONEOS_DEPLOYMENT_TARGET = 13.0;
				LD_RUNPATH_SEARCH_PATHS = (
					"$(inherited)",
					"@executable_path/Frameworks",
				);
				MARKETING_VERSION = 1.0;
				PRODUCT_BUNDLE_IDENTIFIER = com.playwithmeapp;
				PRODUCT_NAME = "$(TARGET_NAME)";
				SWIFT_EMIT_LOC_STRINGS = YES;
				SWIFT_VERSION = 5.0;
				TARGETED_DEVICE_FAMILY = "1,2";
			};
			name = Release;
		};
/* End XCBuildConfiguration section */

/* Begin XCConfigurationList section */
		E0B664C52A84FEEA00537CAE /* Build configuration list for PBXProject "SPONENT" */ = {
			isa = XCConfigurationList;
			buildConfigurations = (
				E0B664DC2A84FEEB00537CAE /* Debug */,
				E0B664DD2A84FEEB00537CAE /* Release */,
			);
			defaultConfigurationIsVisible = 0;
			defaultConfigurationName = Release;
		};
		E0B664DE2A84FEEB00537CAE /* Build configuration list for PBXNativeTarget "SPONENT" */ = {
			isa = XCConfigurationList;
			buildConfigurations = (
				E0B664DF2A84FEEB00537CAE /* Debug */,
				E0B664E02A84FEEB00537CAE /* Release */,
			);
			defaultConfigurationIsVisible = 0;
			defaultConfigurationName = Release;
		};
/* End XCConfigurationList section */

/* Begin XCRemoteSwiftPackageReference section */
		767DCDB12B68DC0B0005D0E8 /* XCRemoteSwiftPackageReference "GSImageViewerController" */ = {
			isa = XCRemoteSwiftPackageReference;
			repositoryURL = "https://github.com/wxxsw/GSImageViewerController.git";
			requirement = {
				branch = master;
				kind = branch;
			};
		};
		767DCDB42B68DC850005D0E8 /* XCRemoteSwiftPackageReference "IQKeyboardManager" */ = {
			isa = XCRemoteSwiftPackageReference;
			repositoryURL = "https://github.com/hackiftekhar/IQKeyboardManager.git";
			requirement = {
				branch = master;
				kind = branch;
			};
		};
		769569B32AC5900300A99725 /* XCRemoteSwiftPackageReference "socket.io-client-swift" */ = {
			isa = XCRemoteSwiftPackageReference;
			repositoryURL = "https://github.com/socketio/socket.io-client-swift.git";
			requirement = {
				branch = master;
				kind = branch;
			};
		};
		76D5C5EC2AB069DA00C6E4DC /* XCRemoteSwiftPackageReference "Kingfisher" */ = {
			isa = XCRemoteSwiftPackageReference;
			repositoryURL = "https://github.com/onevcat/Kingfisher.git";
			requirement = {
				kind = upToNextMajorVersion;
				minimumVersion = 7.0.0;
			};
		};
		E0AB645E2A9F0CB200F4F299 /* XCRemoteSwiftPackageReference "GoogleMaps-SP" */ = {
			isa = XCRemoteSwiftPackageReference;
			repositoryURL = "https://github.com/YAtechnologies/GoogleMaps-SP.git";
			requirement = {
				kind = upToNextMajorVersion;
				minimumVersion = 7.0.0;
			};
		};
		E0C05ED52B0494A80097F489 /* XCRemoteSwiftPackageReference "facebook-ios-sdk" */ = {
			isa = XCRemoteSwiftPackageReference;
			repositoryURL = "https://github.com/facebook/facebook-ios-sdk";
			requirement = {
				kind = upToNextMajorVersion;
				minimumVersion = 9.0.0;
			};
		};
		E0CAC4DC2AFB6A5200D9A876 /* XCRemoteSwiftPackageReference "GoogleSignIn-iOS" */ = {
			isa = XCRemoteSwiftPackageReference;
			repositoryURL = "https://github.com/google/GoogleSignIn-iOS";
			requirement = {
				kind = upToNextMajorVersion;
				minimumVersion = 7.0.0;
			};
		};
		E0CAC4DF2AFB702500D9A876 /* XCRemoteSwiftPackageReference "GoogleSignIn-iOS" */ = {
			isa = XCRemoteSwiftPackageReference;
			repositoryURL = "https://github.com/google/GoogleSignIn-iOS";
			requirement = {
				branch = main;
				kind = branch;
			};
		};
		E0FCE59A2AB1E98A0010D419 /* XCRemoteSwiftPackageReference "MessageKit" */ = {
			isa = XCRemoteSwiftPackageReference;
			repositoryURL = "https://github.com/MessageKit/MessageKit";
			requirement = {
				kind = upToNextMajorVersion;
				minimumVersion = 4.0.0;
			};
		};
/* End XCRemoteSwiftPackageReference section */

/* Begin XCSwiftPackageProductDependency section */
		767DCDB22B68DC0B0005D0E8 /* GSImageViewerController */ = {
			isa = XCSwiftPackageProductDependency;
			package = 767DCDB12B68DC0B0005D0E8 /* XCRemoteSwiftPackageReference "GSImageViewerController" */;
			productName = GSImageViewerController;
		};
		767DCDB52B68DC860005D0E8 /* IQKeyboardManagerSwift */ = {
			isa = XCSwiftPackageProductDependency;
			package = 767DCDB42B68DC850005D0E8 /* XCRemoteSwiftPackageReference "IQKeyboardManager" */;
			productName = IQKeyboardManagerSwift;
		};
		769569B42AC5900300A99725 /* SocketIO */ = {
			isa = XCSwiftPackageProductDependency;
			package = 769569B32AC5900300A99725 /* XCRemoteSwiftPackageReference "socket.io-client-swift" */;
			productName = SocketIO;
		};
		76D5C5ED2AB069DA00C6E4DC /* Kingfisher */ = {
			isa = XCSwiftPackageProductDependency;
			package = 76D5C5EC2AB069DA00C6E4DC /* XCRemoteSwiftPackageReference "Kingfisher" */;
			productName = Kingfisher;
		};
		E0AB645F2A9F0CB200F4F299 /* GoogleMaps */ = {
			isa = XCSwiftPackageProductDependency;
			package = E0AB645E2A9F0CB200F4F299 /* XCRemoteSwiftPackageReference "GoogleMaps-SP" */;
			productName = GoogleMaps;
		};
		E0AB64612A9F0CB200F4F299 /* GoogleMapsBase */ = {
			isa = XCSwiftPackageProductDependency;
			package = E0AB645E2A9F0CB200F4F299 /* XCRemoteSwiftPackageReference "GoogleMaps-SP" */;
			productName = GoogleMapsBase;
		};
		E0AB64632A9F0CB200F4F299 /* GoogleMapsCore */ = {
			isa = XCSwiftPackageProductDependency;
			package = E0AB645E2A9F0CB200F4F299 /* XCRemoteSwiftPackageReference "GoogleMaps-SP" */;
			productName = GoogleMapsCore;
		};
		E0AB64652A9F0CB200F4F299 /* GoogleMapsM4B */ = {
			isa = XCSwiftPackageProductDependency;
			package = E0AB645E2A9F0CB200F4F299 /* XCRemoteSwiftPackageReference "GoogleMaps-SP" */;
			productName = GoogleMapsM4B;
		};
		E0AB64672A9F0CB200F4F299 /* GooglePlaces */ = {
			isa = XCSwiftPackageProductDependency;
			package = E0AB645E2A9F0CB200F4F299 /* XCRemoteSwiftPackageReference "GoogleMaps-SP" */;
			productName = GooglePlaces;
		};
		E0C05ED62B0494A80097F489 /* FacebookCore */ = {
			isa = XCSwiftPackageProductDependency;
			package = E0C05ED52B0494A80097F489 /* XCRemoteSwiftPackageReference "facebook-ios-sdk" */;
			productName = FacebookCore;
		};
		E0C05ED82B0494A80097F489 /* FacebookLogin */ = {
			isa = XCSwiftPackageProductDependency;
			package = E0C05ED52B0494A80097F489 /* XCRemoteSwiftPackageReference "facebook-ios-sdk" */;
			productName = FacebookLogin;
		};
		E0CAC4DD2AFB6A5200D9A876 /* GoogleSignIn */ = {
			isa = XCSwiftPackageProductDependency;
			package = E0CAC4DC2AFB6A5200D9A876 /* XCRemoteSwiftPackageReference "GoogleSignIn-iOS" */;
			productName = GoogleSignIn;
		};
		E0CAC4E02AFB702500D9A876 /* GoogleSignIn */ = {
			isa = XCSwiftPackageProductDependency;
			package = E0CAC4DF2AFB702500D9A876 /* XCRemoteSwiftPackageReference "GoogleSignIn-iOS" */;
			productName = GoogleSignIn;
		};
		E0CAC4E22AFB702500D9A876 /* GoogleSignInSwift */ = {
			isa = XCSwiftPackageProductDependency;
			package = E0CAC4DF2AFB702500D9A876 /* XCRemoteSwiftPackageReference "GoogleSignIn-iOS" */;
			productName = GoogleSignInSwift;
		};
		E0FCE59B2AB1E98A0010D419 /* MessageKit */ = {
			isa = XCSwiftPackageProductDependency;
			package = E0FCE59A2AB1E98A0010D419 /* XCRemoteSwiftPackageReference "MessageKit" */;
			productName = MessageKit;
		};
/* End XCSwiftPackageProductDependency section */
	};
	rootObject = E0B664C22A84FEEA00537CAE /* Project object */;
}
